
Microsoft Visual Studio Solution File, Format Version 12.00
# Visual Studio Version 17
VisualStudioVersion = 17.9.34622.214
MinimumVisualStudioVersion = 10.0.40219.1
Project("{FAE04EC0-301F-11D3-BF4B-00C04F79EFBC}") = "OOP_C#_lab3", "OOP_C#_lab3\OOP_C#_lab3.csproj", "{190A44C0-874E-4F19-BFA9-E8B8C85FBBFA}"
EndProject
Global
	GlobalSection(SolutionConfigurationPlatforms) = preSolution
		Debug|Any CPU = Debug|Any CPU
		Release|Any CPU = Release|Any CPU
	EndGlobalSection
	GlobalSection(ProjectConfigurationPlatforms) = postSolution
		{190A44C0-874E-4F19-BFA9-E8B8C85FBBFA}.Debug|Any CPU.ActiveCfg = Debug|Any CPU
		{190A44C0-874E-4F19-BFA9-E8B8C85FBBFA}.Debug|Any CPU.Build.0 = Debug|Any CPU
		{190A44C0-874E-4F19-BFA9-E8B8C85FBBFA}.Release|Any CPU.ActiveCfg = Release|Any CPU
		{190A44C0-874E-4F19-BFA9-E8B8C85FBBFA}.Release|Any CPU.Build.0 = Release|Any CPU
	EndGlobalSection
	GlobalSection(SolutionProperties) = preSolution
		HideSolutionNode = FALSE
	EndGlobalSection
	GlobalSection(ExtensibilityGlobals) = postSolution
		SolutionGuid = {23A327F4-7756-4671-850E-72FA75E08828}
	EndGlobalSection
EndGlobal
